
Microsoft Visual Studio Solution File, Format Version 12.00
# Visual Studio Version 16
VisualStudioVersion = 16.0.30907.101
MinimumVisualStudioVersion = 10.0.40219.1
Project("{8BC9CEB8-8B4A-11D0-8D11-00A0C91BC942}") = "code in c program", "code in c program\code in c program.vcxproj", "{21D02080-B922-4F51-86A7-ECA03E93DC7F}"
EndProject
Global
	GlobalSection(SolutionConfigurationPlatforms) = preSolution
		Debug|x64 = Debug|x64
		Debug|x86 = Debug|x86
		Release|x64 = Release|x64
		Release|x86 = Release|x86
	EndGlobalSection
	GlobalSection(ProjectConfigurationPlatforms) = postSolution
		{21D02080-B922-4F51-86A7-ECA03E93DC7F}.Debug|x64.ActiveCfg = Debug|x64
		{21D02080-B922-4F51-86A7-ECA03E93DC7F}.Debug|x64.Build.0 = Debug|x64
		{21D02080-B922-4F51-86A7-ECA03E93DC7F}.Debug|x86.ActiveCfg = Debug|Win32
		{21D02080-B922-4F51-86A7-ECA03E93DC7F}.Debug|x86.Build.0 = Debug|Win32
		{21D02080-B922-4F51-86A7-ECA03E93DC7F}.Release|x64.ActiveCfg = Release|x64
		{21D02080-B922-4F51-86A7-ECA03E93DC7F}.Release|x64.Build.0 = Release|x64
		{21D02080-B922-4F51-86A7-ECA03E93DC7F}.Release|x86.ActiveCfg = Release|Win32
		{21D02080-B922-4F51-86A7-ECA03E93DC7F}.Release|x86.Build.0 = Release|Win32
	EndGlobalSection
	GlobalSection(SolutionProperties) = preSolution
		HideSolutionNode = FALSE
	EndGlobalSection
	GlobalSection(ExtensibilityGlobals) = postSolution
		SolutionGuid = {9645F380-127D-4D27-98DC-8A88775DCD37}
	EndGlobalSection
EndGlobal
